
Microsoft Visual Studio Solution File, Format Version 12.00
# Visual Studio Version 16
VisualStudioVersion = 16.0.31112.23
MinimumVisualStudioVersion = 10.0.40219.1
Project("{FAE04EC0-301F-11D3-BF4B-00C04F79EFBC}") = "BrandX_System", "BrandX_System\BrandX_System.csproj", "{16901063-535B-4568-9B2B-9A33A3CF1A6B}"
EndProject
Global
	GlobalSection(SolutionConfigurationPlatforms) = preSolution
		Debug|Any CPU = Debug|Any CPU
		Release|Any CPU = Release|Any CPU
	EndGlobalSection
	GlobalSection(ProjectConfigurationPlatforms) = postSolution
		{16901063-535B-4568-9B2B-9A33A3CF1A6B}.Debug|Any CPU.ActiveCfg = Debug|Any CPU
		{16901063-535B-4568-9B2B-9A33A3CF1A6B}.Debug|Any CPU.Build.0 = Debug|Any CPU
		{16901063-535B-4568-9B2B-9A33A3CF1A6B}.Release|Any CPU.ActiveCfg = Release|Any CPU
		{16901063-535B-4568-9B2B-9A33A3CF1A6B}.Release|Any CPU.Build.0 = Release|Any CPU
	EndGlobalSection
	GlobalSection(SolutionProperties) = preSolution
		HideSolutionNode = FALSE
	EndGlobalSection
	GlobalSection(ExtensibilityGlobals) = postSolution
		SolutionGuid = {702CCD52-23BF-4A15-8767-86A890D89E9E}
	EndGlobalSection
EndGlobal
